
Microsoft Visual Studio Solution File, Format Version 12.00
# Visual Studio Version 16
VisualStudioVersion = 16.0.29728.190
MinimumVisualStudioVersion = 10.0.40219.1
Project("{FAE04EC0-301F-11D3-BF4B-00C04F79EFBC}") = "LearnEnglish.Web", "LearnEnglish.Web\LearnEnglish.Web.csproj", "{0BFDF590-66C6-4A09-A236-AD03236CF1DC}"
EndProject
Project("{9A19103F-16F7-4668-BE54-9A1E7A4F7556}") = "LearnEnglish.DataLayer", "LearnEnglish.DataLayer\LearnEnglish.DataLayer.csproj", "{B25C1710-693B-4466-B789-C43051584D75}"
EndProject
Project("{9A19103F-16F7-4668-BE54-9A1E7A4F7556}") = "LearnEnglish.Models", "LearnEnglish.Models\LearnEnglish.Models.csproj", "{096920F8-8CDF-4559-8D3E-C4A0FC679657}"
EndProject
Global
	GlobalSection(SolutionConfigurationPlatforms) = preSolution
		Debug|Any CPU = Debug|Any CPU
		Release|Any CPU = Release|Any CPU
	EndGlobalSection
	GlobalSection(ProjectConfigurationPlatforms) = postSolution
		{0BFDF590-66C6-4A09-A236-AD03236CF1DC}.Debug|Any CPU.ActiveCfg = Debug|Any CPU
		{0BFDF590-66C6-4A09-A236-AD03236CF1DC}.Debug|Any CPU.Build.0 = Debug|Any CPU
		{0BFDF590-66C6-4A09-A236-AD03236CF1DC}.Release|Any CPU.ActiveCfg = Release|Any CPU
		{0BFDF590-66C6-4A09-A236-AD03236CF1DC}.Release|Any CPU.Build.0 = Release|Any CPU
		{B25C1710-693B-4466-B789-C43051584D75}.Debug|Any CPU.ActiveCfg = Debug|Any CPU
		{B25C1710-693B-4466-B789-C43051584D75}.Debug|Any CPU.Build.0 = Debug|Any CPU
		{B25C1710-693B-4466-B789-C43051584D75}.Release|Any CPU.ActiveCfg = Release|Any CPU
		{B25C1710-693B-4466-B789-C43051584D75}.Release|Any CPU.Build.0 = Release|Any CPU
		{096920F8-8CDF-4559-8D3E-C4A0FC679657}.Debug|Any CPU.ActiveCfg = Debug|Any CPU
		{096920F8-8CDF-4559-8D3E-C4A0FC679657}.Debug|Any CPU.Build.0 = Debug|Any CPU
		{096920F8-8CDF-4559-8D3E-C4A0FC679657}.Release|Any CPU.ActiveCfg = Release|Any CPU
		{096920F8-8CDF-4559-8D3E-C4A0FC679657}.Release|Any CPU.Build.0 = Release|Any CPU
	EndGlobalSection
	GlobalSection(SolutionProperties) = preSolution
		HideSolutionNode = FALSE
	EndGlobalSection
	GlobalSection(ExtensibilityGlobals) = postSolution
		SolutionGuid = {B3166AF7-9EF4-4289-90DA-65CBC37DCC74}
	EndGlobalSection
EndGlobal
